github.com/hootrhino/gomodbus v0.2.5 h1:Dc3lIRlfEC/JzMo3Q6I1BMATb1Rsd+ixrwNGP027gms=
github.com/hootrhino/gomodbus v0.2.5/go.mod h1:Zv5M1GzwqzQacV6j9gIL19GDn55dX1+9Z5TFemY7S/k=
github.com/hootrhino/goserial v0.2.1 h1:WZZee20y1Z7coQ5XL9FzWSNdjsxpNVzwM99Tq1erKWs=
github.com/hootrhino/goserial v0.2.1/go.mod h1:DR0bw52FrVO+7LXgPb38NybXjVsA3pRv7IWIfltYP5k=
